
Microsoft Visual Studio Solution File, Format Version 12.00
# Visual Studio 15
VisualStudioVersion = 15.0.27703.2042
MinimumVisualStudioVersion = 10.0.40219.1
Project("{FAE04EC0-301F-11D3-BF4B-00C04F79EFBC}") = "Tests", "Tests\Tests.csproj", "{287A8A3A-2EDE-45C1-B759-037287D98CDA}"
EndProject
Project("{FAE04EC0-301F-11D3-BF4B-00C04F79EFBC}") = "Models", "Models\Models.csproj", "{DBD509E6-12B1-4058-BB61-4F1E7D81EE7D}"
EndProject
Project("{FAE04EC0-301F-11D3-BF4B-00C04F79EFBC}") = "UI", "UI\UI.csproj", "{9F0E5454-A938-47DF-B295-EDB6BDDA4FAE}"
EndProject
Global
	GlobalSection(SolutionConfigurationPlatforms) = preSolution
		Debug|Any CPU = Debug|Any CPU
		Release|Any CPU = Release|Any CPU
	EndGlobalSection
	GlobalSection(ProjectConfigurationPlatforms) = postSolution
		{287A8A3A-2EDE-45C1-B759-037287D98CDA}.Debug|Any CPU.ActiveCfg = Debug|Any CPU
		{287A8A3A-2EDE-45C1-B759-037287D98CDA}.Debug|Any CPU.Build.0 = Debug|Any CPU
		{287A8A3A-2EDE-45C1-B759-037287D98CDA}.Release|Any CPU.ActiveCfg = Release|Any CPU
		{287A8A3A-2EDE-45C1-B759-037287D98CDA}.Release|Any CPU.Build.0 = Release|Any CPU
		{DBD509E6-12B1-4058-BB61-4F1E7D81EE7D}.Debug|Any CPU.ActiveCfg = Debug|Any CPU
		{DBD509E6-12B1-4058-BB61-4F1E7D81EE7D}.Debug|Any CPU.Build.0 = Debug|Any CPU
		{DBD509E6-12B1-4058-BB61-4F1E7D81EE7D}.Release|Any CPU.ActiveCfg = Release|Any CPU
		{DBD509E6-12B1-4058-BB61-4F1E7D81EE7D}.Release|Any CPU.Build.0 = Release|Any CPU
		{9F0E5454-A938-47DF-B295-EDB6BDDA4FAE}.Debug|Any CPU.ActiveCfg = Debug|Any CPU
		{9F0E5454-A938-47DF-B295-EDB6BDDA4FAE}.Debug|Any CPU.Build.0 = Debug|Any CPU
		{9F0E5454-A938-47DF-B295-EDB6BDDA4FAE}.Release|Any CPU.ActiveCfg = Release|Any CPU
		{9F0E5454-A938-47DF-B295-EDB6BDDA4FAE}.Release|Any CPU.Build.0 = Release|Any CPU
	EndGlobalSection
	GlobalSection(SolutionProperties) = preSolution
		HideSolutionNode = FALSE
	EndGlobalSection
	GlobalSection(ExtensibilityGlobals) = postSolution
		SolutionGuid = {5D73A7B6-6E0E-40CE-A3A8-B77DB6E70687}
	EndGlobalSection
EndGlobal
